
Microsoft Visual Studio Solution File, Format Version 12.00
# Visual Studio 14
VisualStudioVersion = 14.0.25420.1
MinimumVisualStudioVersion = 10.0.40219.1
Project("{FAE04EC0-301F-11D3-BF4B-00C04F79EFBC}") = "Dialect.WebApi", "Dialect.WebApi\Dialect.WebApi.csproj", "{731F0EC8-9F89-4BF6-902D-96471EADB833}"
EndProject
Project("{FAE04EC0-301F-11D3-BF4B-00C04F79EFBC}") = "Dialect.Repository", "Dialect.Repository\Dialect.Repository.csproj", "{A63D79D3-BC15-4A50-8E8E-390FDCCCD6DA}"
EndProject
Project("{FAE04EC0-301F-11D3-BF4B-00C04F79EFBC}") = "Dialect.Logic", "Dialect.Logic\Dialect.Logic.csproj", "{EC69D609-874A-4DC9-BCB5-06850319CCB4}"
EndProject
Project("{FAE04EC0-301F-11D3-BF4B-00C04F79EFBC}") = "Dialect.ILogic", "Dialect.ILogic\Dialect.ILogic.csproj", "{3459E536-9DE0-4099-8C04-3FD33838D33F}"
EndProject
Project("{FAE04EC0-301F-11D3-BF4B-00C04F79EFBC}") = "Dialect.Model", "Dialect.Model\Dialect.Model.csproj", "{3D50C776-7252-4E13-93BC-11D6A4EB753D}"
EndProject
Project("{FAE04EC0-301F-11D3-BF4B-00C04F79EFBC}") = "Dialect.IRepository", "Dialect.IRepository\Dialect.IRepository.csproj", "{47677481-4B7E-4D0E-B7E0-549736A4B117}"
EndProject
Project("{FAE04EC0-301F-11D3-BF4B-00C04F79EFBC}") = "Dialect.Infrustructure", "Dialect.Infrustructure\Dialect.Infrustructure.csproj", "{50B99F86-93AB-442D-BF9F-665756E1F0AF}"
EndProject
Project("{FAE04EC0-301F-11D3-BF4B-00C04F79EFBC}") = "Dialect.Web", "Dialect.Web\Dialect.Web.csproj", "{50BBF749-2100-4E11-B356-7EA3FA693085}"
EndProject
Global
	GlobalSection(SolutionConfigurationPlatforms) = preSolution
		Debug|Any CPU = Debug|Any CPU
		Release|Any CPU = Release|Any CPU
	EndGlobalSection
	GlobalSection(ProjectConfigurationPlatforms) = postSolution
		{731F0EC8-9F89-4BF6-902D-96471EADB833}.Debug|Any CPU.ActiveCfg = Debug|Any CPU
		{731F0EC8-9F89-4BF6-902D-96471EADB833}.Debug|Any CPU.Build.0 = Debug|Any CPU
		{731F0EC8-9F89-4BF6-902D-96471EADB833}.Release|Any CPU.ActiveCfg = Release|Any CPU
		{731F0EC8-9F89-4BF6-902D-96471EADB833}.Release|Any CPU.Build.0 = Release|Any CPU
		{A63D79D3-BC15-4A50-8E8E-390FDCCCD6DA}.Debug|Any CPU.ActiveCfg = Debug|Any CPU
		{A63D79D3-BC15-4A50-8E8E-390FDCCCD6DA}.Debug|Any CPU.Build.0 = Debug|Any CPU
		{A63D79D3-BC15-4A50-8E8E-390FDCCCD6DA}.Release|Any CPU.ActiveCfg = Release|Any CPU
		{A63D79D3-BC15-4A50-8E8E-390FDCCCD6DA}.Release|Any CPU.Build.0 = Release|Any CPU
		{EC69D609-874A-4DC9-BCB5-06850319CCB4}.Debug|Any CPU.ActiveCfg = Debug|Any CPU
		{EC69D609-874A-4DC9-BCB5-06850319CCB4}.Debug|Any CPU.Build.0 = Debug|Any CPU
		{EC69D609-874A-4DC9-BCB5-06850319CCB4}.Release|Any CPU.ActiveCfg = Release|Any CPU
		{EC69D609-874A-4DC9-BCB5-06850319CCB4}.Release|Any CPU.Build.0 = Release|Any CPU
		{3459E536-9DE0-4099-8C04-3FD33838D33F}.Debug|Any CPU.ActiveCfg = Debug|Any CPU
		{3459E536-9DE0-4099-8C04-3FD33838D33F}.Debug|Any CPU.Build.0 = Debug|Any CPU
		{3459E536-9DE0-4099-8C04-3FD33838D33F}.Release|Any CPU.ActiveCfg = Release|Any CPU
		{3459E536-9DE0-4099-8C04-3FD33838D33F}.Release|Any CPU.Build.0 = Release|Any CPU
		{3D50C776-7252-4E13-93BC-11D6A4EB753D}.Debug|Any CPU.ActiveCfg = Debug|Any CPU
		{3D50C776-7252-4E13-93BC-11D6A4EB753D}.Debug|Any CPU.Build.0 = Debug|Any CPU
		{3D50C776-7252-4E13-93BC-11D6A4EB753D}.Release|Any CPU.ActiveCfg = Release|Any CPU
		{3D50C776-7252-4E13-93BC-11D6A4EB753D}.Release|Any CPU.Build.0 = Release|Any CPU
		{47677481-4B7E-4D0E-B7E0-549736A4B117}.Debug|Any CPU.ActiveCfg = Debug|Any CPU
		{47677481-4B7E-4D0E-B7E0-549736A4B117}.Debug|Any CPU.Build.0 = Debug|Any CPU
		{47677481-4B7E-4D0E-B7E0-549736A4B117}.Release|Any CPU.ActiveCfg = Release|Any CPU
		{47677481-4B7E-4D0E-B7E0-549736A4B117}.Release|Any CPU.Build.0 = Release|Any CPU
		{50B99F86-93AB-442D-BF9F-665756E1F0AF}.Debug|Any CPU.ActiveCfg = Debug|Any CPU
		{50B99F86-93AB-442D-BF9F-665756E1F0AF}.Debug|Any CPU.Build.0 = Debug|Any CPU
		{50B99F86-93AB-442D-BF9F-665756E1F0AF}.Release|Any CPU.ActiveCfg = Release|Any CPU
		{50B99F86-93AB-442D-BF9F-665756E1F0AF}.Release|Any CPU.Build.0 = Release|Any CPU
		{50BBF749-2100-4E11-B356-7EA3FA693085}.Debug|Any CPU.ActiveCfg = Debug|Any CPU
		{50BBF749-2100-4E11-B356-7EA3FA693085}.Debug|Any CPU.Build.0 = Debug|Any CPU
		{50BBF749-2100-4E11-B356-7EA3FA693085}.Release|Any CPU.ActiveCfg = Release|Any CPU
		{50BBF749-2100-4E11-B356-7EA3FA693085}.Release|Any CPU.Build.0 = Release|Any CPU
	EndGlobalSection
	GlobalSection(SolutionProperties) = preSolution
		HideSolutionNode = FALSE
	EndGlobalSection
EndGlobal
